<?xml version="1.0" encoding="utf-8"?>
<Project ToolsVersion="4.0" xmlns="http://schemas.microsoft.com/developer/msbuild/2003">
  <ItemGroup>
    <Filter Include="00.MainApp">
      <UniqueIdentifier>{a75f8094-07b3-41d2-aad9-33356059a5a0}</UniqueIdentifier>
    </Filter>
    <Filter Include="99.Default">
      <UniqueIdentifier>{1ea122a5-ac9c-4bf7-948a-8c2685ea7b06}</UniqueIdentifier>
    </Filter>
    <Filter Include="01.Level">
      <UniqueIdentifier>{93a9e165-66a6-4adf-bb8f-64bfb15fe6e4}</UniqueIdentifier>
    </Filter>
    <Filter Include="01.Level\Logo">
      <UniqueIdentifier>{2c0425fa-4138-4cf0-b439-f0fb54c1b3ba}</UniqueIdentifier>
    </Filter>
    <Filter Include="01.Level\Loading">
      <UniqueIdentifier>{b4cb89dd-5bcb-4e60-89a1-65b33e8a1ae8}</UniqueIdentifier>
    </Filter>
    <Filter Include="01.Level\GamePlay">
      <UniqueIdentifier>{6b6b40dc-024d-402a-ae58-4b1f507ec70c}</UniqueIdentifier>
    </Filter>
    <Filter Include="01.Level\Loading\Loader">
      <UniqueIdentifier>{42ca2c1a-afe5-47fe-9efb-c239a35b48f1}</UniqueIdentifier>
    </Filter>
    <Filter Include="02.GameObject">
      <UniqueIdentifier>{35dac292-1e3f-48af-bf0e-8f0911de4cae}</UniqueIdentifier>
    </Filter>
    <Filter Include="02.GameObject\BackGround">
      <UniqueIdentifier>{37f504ba-67c9-446d-9b47-c811851dccc0}</UniqueIdentifier>
    </Filter>
    <Filter Include="02.GameObject\Terrain">
      <UniqueIdentifier>{ad37f915-9c4b-4859-8f03-74473552d4ae}</UniqueIdentifier>
    </Filter>
    <Filter Include="02.GameObject\Player">
      <UniqueIdentifier>{21a3db6e-7ddf-4bf7-aead-71b54c9effb6}</UniqueIdentifier>
    </Filter>
    <Filter Include="02.GameObject\Monster">
      <UniqueIdentifier>{0cd2a823-db7c-4231-8385-a05c8116e20a}</UniqueIdentifier>
    </Filter>
    <Filter Include="02.GameObject\Camera">
      <UniqueIdentifier>{b812c91f-e776-497f-a970-88abd1a04407}</UniqueIdentifier>
    </Filter>
    <Filter Include="99.Default\Imgui">
      <UniqueIdentifier>{370fbfe5-47e0-491a-8848-6fd5182ce70c}</UniqueIdentifier>
    </Filter>
    <Filter Include="01.Level\Hong">
      <UniqueIdentifier>{d199248f-3c3f-4182-ba6a-cf6d72538732}</UniqueIdentifier>
    </Filter>
    <Filter Include="01.Level\GyuH">
      <UniqueIdentifier>{519691af-8021-481a-905b-3582455d9cca}</UniqueIdentifier>
    </Filter>
    <Filter Include="99.Default\ClientDefault">
      <UniqueIdentifier>{236c319b-889a-424f-8cc3-fe4251c132b5}</UniqueIdentifier>
    </Filter>
    <Filter Include="01.Level\SENI">
      <UniqueIdentifier>{c666ed29-c033-4255-83c5-403620e83b14}</UniqueIdentifier>
    </Filter>
    <Filter Include="01.Level\SJH">
      <UniqueIdentifier>{fce2fc60-246a-486d-bbd7-0243fd2c126b}</UniqueIdentifier>
    </Filter>
    <Filter Include="02.GameObject\Topdee">
      <UniqueIdentifier>{d17678d4-6d50-4122-b8f1-a1d0173816d2}</UniqueIdentifier>
    </Filter>
    <Filter Include="02.GameObject\Monster\Pig">
      <UniqueIdentifier>{03a1b434-f7fa-4224-9554-91573c727671}</UniqueIdentifier>
    </Filter>
    <Filter Include="02.GameObject\Toodee">
      <UniqueIdentifier>{00b0ee6b-9e35-4359-bc70-5aa8715efc85}</UniqueIdentifier>
    </Filter>
    <Filter Include="02.GameObject\Wall">
      <UniqueIdentifier>{2cf00ebf-6cc7-4fd0-9e5a-755786aabd50}</UniqueIdentifier>
    </Filter>
    <Filter Include="ClientManager">
      <UniqueIdentifier>{0d4ef7c2-32a4-446c-919d-8b6f0211055a}</UniqueIdentifier>
    </Filter>
    <Filter Include="ClientManager\KeyMgr">
      <UniqueIdentifier>{ce080dd4-fea6-46f9-8a42-9cd3d356fb22}</UniqueIdentifier>
    </Filter>
    <Filter Include="02.GameObject\Sky">
      <UniqueIdentifier>{6aeb102e-a9be-45f9-9ddc-59905a0dfb06}</UniqueIdentifier>
    </Filter>
    <Filter Include="02.GameObject\Turret">
      <UniqueIdentifier>{ff3d7d7d-bdb0-4e2c-a734-700ecbf29bf7}</UniqueIdentifier>
    </Filter>
    <Filter Include="02.GameObject\Turret\Bullet">
      <UniqueIdentifier>{19a9c636-445b-4102-ba71-fe6bff0b7e1c}</UniqueIdentifier>
    </Filter>
    <Filter Include="02.GameObject\Portal">
      <UniqueIdentifier>{f65cb39e-c497-484f-9238-138d7ddf85eb}</UniqueIdentifier>
    </Filter>
  </ItemGroup>
  <ItemGroup>
    <Text Include="ReadMe.txt" />
  </ItemGroup>
  <ItemGroup>
    <ClInclude Include="..\Public\MainApp.h">
      <Filter>00.MainApp</Filter>
    </ClInclude>
    <ClInclude Include="..\Public\Client_Defines.h" />
    <ClInclude Include="..\public\Level_Logo.h">
      <Filter>01.Level\Logo</Filter>
    </ClInclude>
    <ClInclude Include="..\Public\Level_Loading.h">
      <Filter>01.Level\Loading</Filter>
    </ClInclude>
    <ClInclude Include="..\Public\Level_GamePlay.h">
      <Filter>01.Level\GamePlay</Filter>
    </ClInclude>
    <ClInclude Include="..\public\Loader.h">
      <Filter>01.Level\Loading\Loader</Filter>
    </ClInclude>
    <ClInclude Include="..\Public\BackGround.h">
      <Filter>02.GameObject\BackGround</Filter>
    </ClInclude>
    <ClInclude Include="..\Public\Terrain.h">
      <Filter>02.GameObject\Terrain</Filter>
    </ClInclude>
    <ClInclude Include="..\Public\Player.h">
      <Filter>02.GameObject\Player</Filter>
    </ClInclude>
    <ClInclude Include="..\Public\Monster.h">
      <Filter>02.GameObject\Monster</Filter>
    </ClInclude>
    <ClInclude Include="..\public\Camera_Free.h">
      <Filter>02.GameObject\Camera</Filter>
    </ClInclude>
    <ClInclude Include="Imgui\imconfig.h">
      <Filter>99.Default\Imgui</Filter>
    </ClInclude>
    <ClInclude Include="Imgui\imgui.h">
      <Filter>99.Default\Imgui</Filter>
    </ClInclude>
    <ClInclude Include="Imgui\imgui_impl_dx9.h">
      <Filter>99.Default\Imgui</Filter>
    </ClInclude>
    <ClInclude Include="Imgui\imgui_impl_win32.h">
      <Filter>99.Default\Imgui</Filter>
    </ClInclude>
    <ClInclude Include="Imgui\imgui_internal.h">
      <Filter>99.Default\Imgui</Filter>
    </ClInclude>
    <ClInclude Include="Imgui\imstb_rectpack.h">
      <Filter>99.Default\Imgui</Filter>
    </ClInclude>
    <ClInclude Include="Imgui\imstb_textedit.h">
      <Filter>99.Default\Imgui</Filter>
    </ClInclude>
    <ClInclude Include="Imgui\imstb_truetype.h">
      <Filter>99.Default\Imgui</Filter>
    </ClInclude>
    <ClInclude Include="..\public\Hong.h">
      <Filter>01.Level\Hong</Filter>
    </ClInclude>
    <ClInclude Include="..\Public\Level_GyuH.h">
      <Filter>01.Level\GyuH</Filter>
    </ClInclude>
    <ClInclude Include="Client.h">
      <Filter>99.Default\ClientDefault</Filter>
    </ClInclude>
    <ClInclude Include="Resource.h">
      <Filter>99.Default\ClientDefault</Filter>
    </ClInclude>
    <ClInclude Include="stdafx.h">
      <Filter>99.Default\ClientDefault</Filter>
    </ClInclude>
    <ClInclude Include="targetver.h">
      <Filter>99.Default\ClientDefault</Filter>
    </ClInclude>
    <ClInclude Include="..\Public\Level_SENI.h">
      <Filter>01.Level\SENI</Filter>
    </ClInclude>
    <ClInclude Include="..\Public\Level_SJH.h">
      <Filter>01.Level\SJH</Filter>
    </ClInclude>
    <ClInclude Include="..\Public\Topdee.h">
      <Filter>02.GameObject\Topdee</Filter>
    </ClInclude>
    <ClInclude Include="..\Public\Monster_Pig.h">
      <Filter>02.GameObject\Monster\Pig</Filter>
    </ClInclude>
    <ClInclude Include="..\Public\Toodee.h">
      <Filter>02.GameObject\Toodee</Filter>
    </ClInclude>
    <ClInclude Include="..\public\Block.h">
      <Filter>02.GameObject\Wall</Filter>
    </ClInclude>
    <ClInclude Include="..\Public\KeyMgr.h">
      <Filter>ClientManager\KeyMgr</Filter>
    </ClInclude>
    <ClInclude Include="..\public\Sky.h">
      <Filter>02.GameObject\Sky</Filter>
    </ClInclude>
    <ClInclude Include="..\public\Turret.h">
      <Filter>02.GameObject\Turret</Filter>
    </ClInclude>
    <ClInclude Include="..\Public\Bullet.h">
      <Filter>02.GameObject\Turret\Bullet</Filter>
    </ClInclude>
    <ClInclude Include="..\public\Portal.h">
      <Filter>02.GameObject\Portal</Filter>
    </ClInclude>
  </ItemGroup>
  <ItemGroup>
    <ClCompile Include="..\Private\MainApp.cpp">
      <Filter>00.MainApp</Filter>
    </ClCompile>
    <ClCompile Include="..\private\Level_Logo.cpp">
      <Filter>01.Level\Logo</Filter>
    </ClCompile>
    <ClCompile Include="..\Private\Level_Loading.cpp">
      <Filter>01.Level\Loading</Filter>
    </ClCompile>
    <ClCompile Include="..\Private\Level_GamePlay.cpp">
      <Filter>01.Level\GamePlay</Filter>
    </ClCompile>
    <ClCompile Include="..\private\Loader.cpp">
      <Filter>01.Level\Loading\Loader</Filter>
    </ClCompile>
    <ClCompile Include="..\Private\BackGround.cpp">
      <Filter>02.GameObject\BackGround</Filter>
    </ClCompile>
    <ClCompile Include="..\Private\Terrain.cpp">
      <Filter>02.GameObject\Terrain</Filter>
    </ClCompile>
    <ClCompile Include="..\Private\Player.cpp">
      <Filter>02.GameObject\Player</Filter>
    </ClCompile>
    <ClCompile Include="..\Private\Monster.cpp">
      <Filter>02.GameObject\Monster</Filter>
    </ClCompile>
    <ClCompile Include="..\private\Camera_Free.cpp">
      <Filter>02.GameObject\Camera</Filter>
    </ClCompile>
    <ClCompile Include="Imgui\imgui.cpp">
      <Filter>99.Default\Imgui</Filter>
    </ClCompile>
    <ClCompile Include="Imgui\imgui_demo.cpp">
      <Filter>99.Default\Imgui</Filter>
    </ClCompile>
    <ClCompile Include="Imgui\imgui_draw.cpp">
      <Filter>99.Default\Imgui</Filter>
    </ClCompile>
    <ClCompile Include="Imgui\imgui_impl_dx9.cpp">
      <Filter>99.Default\Imgui</Filter>
    </ClCompile>
    <ClCompile Include="Imgui\imgui_impl_win32.cpp">
      <Filter>99.Default\Imgui</Filter>
    </ClCompile>
    <ClCompile Include="Imgui\imgui_tables.cpp">
      <Filter>99.Default\Imgui</Filter>
    </ClCompile>
    <ClCompile Include="Imgui\imgui_widgets.cpp">
      <Filter>99.Default\Imgui</Filter>
    </ClCompile>
    <ClCompile Include="..\private\Hong.cpp">
      <Filter>01.Level\Hong</Filter>
    </ClCompile>
    <ClCompile Include="..\Private\Level_GyuH.cpp">
      <Filter>01.Level\GyuH</Filter>
    </ClCompile>
    <ClCompile Include="Client.cpp">
      <Filter>99.Default\ClientDefault</Filter>
    </ClCompile>
    <ClCompile Include="stdafx.cpp">
      <Filter>99.Default\ClientDefault</Filter>
    </ClCompile>
    <ClCompile Include="parson.c">
      <Filter>99.Default</Filter>
    </ClCompile>
    <ClCompile Include="..\Private\Level_SENI.cpp">
      <Filter>01.Level\SENI</Filter>
    </ClCompile>
    <ClCompile Include="..\Private\Level_SJH.cpp">
      <Filter>01.Level\SJH</Filter>
    </ClCompile>
    <ClCompile Include="..\Private\Topdee.cpp">
      <Filter>02.GameObject\Topdee</Filter>
    </ClCompile>
    <ClCompile Include="..\Private\Monster_Pig.cpp">
      <Filter>02.GameObject\Monster\Pig</Filter>
    </ClCompile>
    <ClCompile Include="..\Private\Toodee.cpp">
      <Filter>02.GameObject\Toodee</Filter>
    </ClCompile>
    <ClCompile Include="..\private\Block.cpp">
      <Filter>02.GameObject\Wall</Filter>
    </ClCompile>
    <ClCompile Include="..\Private\KeyMgr.cpp">
      <Filter>ClientManager\KeyMgr</Filter>
    </ClCompile>
    <ClCompile Include="..\private\Sky.cpp">
      <Filter>02.GameObject\Sky</Filter>
    </ClCompile>
    <ClCompile Include="..\private\Turret.cpp">
      <Filter>02.GameObject\Turret</Filter>
    </ClCompile>
    <ClCompile Include="..\Private\Bullet.cpp">
      <Filter>02.GameObject\Turret\Bullet</Filter>
    </ClCompile>
    <ClCompile Include="..\private\Portal.cpp">
      <Filter>02.GameObject\Portal</Filter>
    </ClCompile>
  </ItemGroup>
  <ItemGroup>
    <Image Include="Client.ico">
      <Filter>99.Default\ClientDefault</Filter>
    </Image>
    <Image Include="small.ico">
      <Filter>99.Default\ClientDefault</Filter>
    </Image>
  </ItemGroup>
  <ItemGroup>
    <ResourceCompile Include="Client.rc">
      <Filter>99.Default\ClientDefault</Filter>
    </ResourceCompile>
  </ItemGroup>
</Project>